<?xml version="1.0" encoding="utf-8"?>
<Project ToolsVersion="4.0" xmlns="http://schemas.microsoft.com/developer/msbuild/2003">
  <ItemGroup>
    <Filter Include="Исходные файлы">
      <UniqueIdentifier>{4FC737F1-C7A5-4376-A066-2A32D752A2FF}</UniqueIdentifier>
      <Extensions>cpp;c;cc;cxx;c++;cppm;ixx;def;odl;idl;hpj;bat;asm;asmx</Extensions>
    </Filter>
    <Filter Include="Файлы заголовков">
      <UniqueIdentifier>{93995380-89BD-4b04-88EB-625FBE52EBFB}</UniqueIdentifier>
      <Extensions>h;hh;hpp;hxx;h++;hm;inl;inc;ipp;xsd</Extensions>
    </Filter>
    <Filter Include="Файлы ресурсов">
      <UniqueIdentifier>{67DA6AB6-F800-4c08-8B7A-83BB121AAD01}</UniqueIdentifier>
      <Extensions>rc;ico;cur;bmp;dlg;rc2;rct;bin;rgs;gif;jpg;jpeg;jpe;resx;tiff;tif;png;wav;mfcribbon-ms</Extensions>
    </Filter>
    <Filter Include="Engine">
      <UniqueIdentifier>{a0dd312f-bf26-41b9-95dd-a9b6b6cc9f2e}</UniqueIdentifier>
    </Filter>
    <Filter Include="Engine\include">
      <UniqueIdentifier>{8ce05a4d-94f2-4857-8fd8-8b25ecb21a6f}</UniqueIdentifier>
    </Filter>
    <Filter Include="Engine\source">
      <UniqueIdentifier>{aad7b278-d10a-4727-bed0-0f39e03ae932}</UniqueIdentifier>
    </Filter>
    <Filter Include="Engine\include\Systems">
      <UniqueIdentifier>{ec2db5ee-c065-4632-9e55-69f8dcb9c284}</UniqueIdentifier>
    </Filter>
    <Filter Include="Engine\include\Systems\Graphics">
      <UniqueIdentifier>{902bbaa0-fdfb-4c80-88d4-3c23264ea22b}</UniqueIdentifier>
    </Filter>
    <Filter Include="Engine\include\Systems\Graphics\Windows">
      <UniqueIdentifier>{47a83a50-a6ce-4fbd-a345-81fb53387e1f}</UniqueIdentifier>
    </Filter>
    <Filter Include="Engine\include\Systems\Graphics\GraphicsDevice">
      <UniqueIdentifier>{1cf7ec8f-9b0d-4f13-92fb-ef16894140c5}</UniqueIdentifier>
    </Filter>
    <Filter Include="Engine\include\SpecialHeaders">
      <UniqueIdentifier>{e78c5cfa-5fd7-487e-ba2e-56506cfb919e}</UniqueIdentifier>
    </Filter>
    <Filter Include="Engine\include\Systems\Graphics\GraphicsDevice\OpenGL">
      <UniqueIdentifier>{0465f9e0-12ff-4855-97af-8a017e44f755}</UniqueIdentifier>
    </Filter>
    <Filter Include="Engine\source\Systems">
      <UniqueIdentifier>{16f1a013-94ac-44ae-adc3-fd6e80a08197}</UniqueIdentifier>
    </Filter>
    <Filter Include="Engine\source\Systems\Graphics">
      <UniqueIdentifier>{357c7e13-8827-4f92-a0af-c63f9ab084b8}</UniqueIdentifier>
    </Filter>
    <Filter Include="Engine\source\Systems\Graphics\GraphicsDevice">
      <UniqueIdentifier>{fd775ba7-8493-4025-9568-704fe369376e}</UniqueIdentifier>
    </Filter>
    <Filter Include="Engine\source\Systems\Graphics\GraphicsDevice\OpenGL">
      <UniqueIdentifier>{b3dfa91b-6e39-4892-965f-502364de7b3a}</UniqueIdentifier>
    </Filter>
    <Filter Include="Engine\source\Systems\Graphics\Windows">
      <UniqueIdentifier>{f5046176-cdd7-4d1c-a70a-2ee07bc3fa76}</UniqueIdentifier>
    </Filter>
    <Filter Include="Engine\include\Core">
      <UniqueIdentifier>{48f24688-4e66-4b8c-8f7d-521f30bb7d09}</UniqueIdentifier>
    </Filter>
    <Filter Include="Engine\include\Services">
      <UniqueIdentifier>{4be49374-028b-47ab-bd30-c92c1fdb265e}</UniqueIdentifier>
    </Filter>
    <Filter Include="Engine\source\Services">
      <UniqueIdentifier>{1194ba61-262b-41f7-8236-9c7eaa391db1}</UniqueIdentifier>
    </Filter>
    <Filter Include="Engine\include\Services\Diagnostics">
      <UniqueIdentifier>{b75f4114-f9f7-4204-b185-95cf8b021deb}</UniqueIdentifier>
    </Filter>
    <Filter Include="Engine\source\Services\Diagnostics">
      <UniqueIdentifier>{ea95a6ad-5dbd-4719-8e17-b95fba5b95d5}</UniqueIdentifier>
    </Filter>
    <Filter Include="Engine\source\Core">
      <UniqueIdentifier>{927de146-8dc2-4243-a1c9-70ed6a1fc61b}</UniqueIdentifier>
    </Filter>
    <Filter Include="Engine\include\Multithreading">
      <UniqueIdentifier>{3ea3033a-b883-4aec-9084-e5474425aff7}</UniqueIdentifier>
    </Filter>
    <Filter Include="Engine\include\Systems\Input">
      <UniqueIdentifier>{9fc9a4a9-f8e8-45cf-93d4-0d7bef30208e}</UniqueIdentifier>
    </Filter>
    <Filter Include="Engine\source\Systems\Input">
      <UniqueIdentifier>{5c4b627e-b058-41c2-9fa4-0e12fb6b9801}</UniqueIdentifier>
    </Filter>
    <Filter Include="Engine\include\Resources">
      <UniqueIdentifier>{353ab172-7ab0-4d97-9484-29927d6f745d}</UniqueIdentifier>
    </Filter>
    <Filter Include="Engine\source\Resources">
      <UniqueIdentifier>{cc3af7d2-12d9-4938-b4a6-2eef328a3e4c}</UniqueIdentifier>
    </Filter>
    <Filter Include="Engine\source\Systems\Rendering">
      <UniqueIdentifier>{cf2df70e-57a7-4834-ad18-63685038bcf7}</UniqueIdentifier>
    </Filter>
    <Filter Include="Engine\include\Systems\Graphics\Rendering">
      <UniqueIdentifier>{233633c8-2d57-49d7-9c3b-6c7a2de33679}</UniqueIdentifier>
    </Filter>
    <Filter Include="Engine\include\Systems\Graphics\Viewports">
      <UniqueIdentifier>{c8dc89c3-7f48-4944-9cb3-302fc2d514e8}</UniqueIdentifier>
    </Filter>
    <Filter Include="Engine\source\Systems\Graphics\Viewports">
      <UniqueIdentifier>{e7fd8437-ec7f-4d53-8259-9e91e3fd8086}</UniqueIdentifier>
    </Filter>
    <Filter Include="Engine\include\Services\Scenes">
      <UniqueIdentifier>{02dedc2a-23f4-4689-978e-8fe7f6ca97ab}</UniqueIdentifier>
    </Filter>
    <Filter Include="Engine\source\Services\Scenes">
      <UniqueIdentifier>{d462365e-2810-43ea-b4d5-73080be39e46}</UniqueIdentifier>
    </Filter>
    <Filter Include="Engine\include\Components">
      <UniqueIdentifier>{fa655357-3bd3-452a-b47f-005c8d2a3c8d}</UniqueIdentifier>
    </Filter>
    <Filter Include="Engine\source\Components">
      <UniqueIdentifier>{70b64abb-f3f4-4060-9a42-6c72840827e5}</UniqueIdentifier>
    </Filter>
    <Filter Include="Engine\include\Services\Importing">
      <UniqueIdentifier>{621a843f-8c85-49a1-9c5a-3e2bf1650b5e}</UniqueIdentifier>
    </Filter>
    <Filter Include="Engine\source\Services\Importing">
      <UniqueIdentifier>{73b9b757-2c40-4563-86f4-d12b309a9876}</UniqueIdentifier>
    </Filter>
  </ItemGroup>
  <ItemGroup>
    <ClCompile Include="EndLoad Engine.cpp">
      <Filter>Исходные файлы</Filter>
    </ClCompile>
    <ClCompile Include="Engine\source\Systems\Graphics\GraphicsDevice\OpenGL\OpenGLDevice.cpp">
      <Filter>Engine\source\Systems\Graphics\GraphicsDevice\OpenGL</Filter>
    </ClCompile>
    <ClCompile Include="Engine\source\Systems\Graphics\Windows\Window.cpp">
      <Filter>Engine\source\Systems\Graphics\Windows</Filter>
    </ClCompile>
    <ClCompile Include="Engine\source\Systems\Graphics\Windows\WindowsManager.cpp">
      <Filter>Engine\source\Systems\Graphics\Windows</Filter>
    </ClCompile>
    <ClCompile Include="Engine\source\Services\Diagnostics\Logger\Logger.cpp">
      <Filter>Engine\source\Services\Diagnostics</Filter>
    </ClCompile>
    <ClCompile Include="Engine\source\Services\Diagnostics\ProcessObserver\ProcessObserver.cpp">
      <Filter>Engine\source\Services\Diagnostics</Filter>
    </ClCompile>
    <ClCompile Include="Engine\source\Core\EngineCore.cpp">
      <Filter>Engine\source\Core</Filter>
    </ClCompile>
    <ClCompile Include="Engine\source\Systems\Input\InputSystem.cpp">
      <Filter>Engine\source\Systems\Input</Filter>
    </ClCompile>
    <ClCompile Include="Engine\source\Services\ResourcesManager\ResourceManager.cpp">
      <Filter>Engine\source\Resources</Filter>
    </ClCompile>
    <ClCompile Include="Engine\source\Systems\Graphics\Rendering\RenderSystem.cpp">
      <Filter>Engine\source\Systems\Rendering</Filter>
    </ClCompile>
    <ClCompile Include="Engine\source\Systems\Graphics\Viewports\Viewport.cpp">
      <Filter>Engine\source\Systems\Graphics\Viewports</Filter>
    </ClCompile>
    <ClCompile Include="Engine\source\Services\Scenes\SceneManager.cpp">
      <Filter>Engine\source\Services\Scenes</Filter>
    </ClCompile>
    <ClCompile Include="Engine\source\Resources\FontResource.cpp">
      <Filter>Engine\source\Resources</Filter>
    </ClCompile>
    <ClCompile Include="Engine\source\Resources\MeshResource.cpp">
      <Filter>Engine\source\Resources</Filter>
    </ClCompile>
    <ClCompile Include="Engine\source\Services\Importing\AssimpLoader.cpp">
      <Filter>Engine\source\Services\Importing</Filter>
    </ClCompile>
    <ClCompile Include="Engine\source\Resources\MaterialResource.cpp">
      <Filter>Engine\source\Resources</Filter>
    </ClCompile>
  </ItemGroup>
  <ItemGroup>
    <ClInclude Include="Engine\include\Systems\Graphics\GraphicsDevice\GraphicsData.hpp">
      <Filter>Engine\include\Systems\Graphics\GraphicsDevice</Filter>
    </ClInclude>
    <ClInclude Include="Engine\include\Systems\Graphics\GraphicsDevice\IGraphicsDevice.hpp">
      <Filter>Engine\include\Systems\Graphics\GraphicsDevice</Filter>
    </ClInclude>
    <ClInclude Include="Engine\include\SpecialHeaders\Definitions.hpp">
      <Filter>Engine\include\SpecialHeaders</Filter>
    </ClInclude>
    <ClInclude Include="Engine\include\Systems\Graphics\GraphicsDevice\OpenGL\OpenGLDevice.hpp">
      <Filter>Engine\include\Systems\Graphics\GraphicsDevice\OpenGL</Filter>
    </ClInclude>
    <ClInclude Include="Engine\include\SpecialHeaders\GL.hpp">
      <Filter>Engine\include\SpecialHeaders</Filter>
    </ClInclude>
    <ClInclude Include="Engine\include\Systems\Graphics\Windows\Window.hpp">
      <Filter>Engine\include\Systems\Graphics\Windows</Filter>
    </ClInclude>
    <ClInclude Include="Engine\include\Systems\Graphics\Windows\WindowsManager.hpp">
      <Filter>Engine\include\Systems\Graphics\Windows</Filter>
    </ClInclude>
    <ClInclude Include="Engine\include\Core\IServices.hpp">
      <Filter>Engine\include\Core</Filter>
    </ClInclude>
    <ClInclude Include="Engine\include\Services\Diagnostics\Logger\Logger.hpp">
      <Filter>Engine\include\Services\Diagnostics</Filter>
    </ClInclude>
    <ClInclude Include="Engine\include\Services\Diagnostics\ProcessObserver\ProcessObserver.hpp">
      <Filter>Engine\include\Services\Diagnostics</Filter>
    </ClInclude>
    <ClInclude Include="Engine\include\Core\ServiceLocator.hpp">
      <Filter>Engine\include\Core</Filter>
    </ClInclude>
    <ClInclude Include="Engine\include\Systems\Graphics\Windows\GLFWContextManager.hpp">
      <Filter>Engine\include\Systems\Graphics\Windows</Filter>
    </ClInclude>
    <ClInclude Include="Engine\include\Core\EngineCore.hpp">
      <Filter>Engine\include\Core</Filter>
    </ClInclude>
    <ClInclude Include="Engine\include\Multithreading\ThreadPool.hpp">
      <Filter>Engine\include\Multithreading</Filter>
    </ClInclude>
    <ClInclude Include="Engine\include\Systems\Input\InputSystem.hpp">
      <Filter>Engine\include\Systems\Input</Filter>
    </ClInclude>
    <ClInclude Include="Engine\include\Resources\IResource.hpp">
      <Filter>Engine\include\Resources</Filter>
    </ClInclude>
    <ClInclude Include="Engine\include\Services\ResourcesManager\ResourceManager.hpp">
      <Filter>Engine\include\Resources</Filter>
    </ClInclude>
    <ClInclude Include="Engine\include\Systems\Graphics\Rendering\RenderSystem.hpp">
      <Filter>Engine\include\Systems\Graphics\Rendering</Filter>
    </ClInclude>
    <ClInclude Include="Engine\include\Systems\Graphics\Viewports\Viewport.hpp">
      <Filter>Engine\include\Systems\Graphics\Viewports</Filter>
    </ClInclude>
    <ClInclude Include="Engine\include\Services\Scenes\SceneManager.hpp">
      <Filter>Engine\include\Services\Scenes</Filter>
    </ClInclude>
    <ClInclude Include="Engine\include\Services\Scenes\SceneContext.hpp">
      <Filter>Engine\include\Services\Scenes</Filter>
    </ClInclude>
    <ClInclude Include="Engine\include\Resources\FileInfo.hpp">
      <Filter>Engine\include\Resources</Filter>
    </ClInclude>
    <ClInclude Include="Engine\include\Resources\FontResource.hpp">
      <Filter>Engine\include\Resources</Filter>
    </ClInclude>
    <ClInclude Include="Engine\include\Resources\MeshResource.hpp">
      <Filter>Engine\include\Resources</Filter>
    </ClInclude>
    <ClInclude Include="Engine\include\Services\Importing\AssimpLoader.hpp">
      <Filter>Engine\include\Services\Importing</Filter>
    </ClInclude>
    <ClInclude Include="Engine\include\Resources\MaterialResource.hpp">
      <Filter>Engine\include\Resources</Filter>
    </ClInclude>
  </ItemGroup>
</Project>